// !$*UTF8*$!
{
	archiveVersion = 1;
	classes = {
	};
	objectVersion = 46;
	objects = {

/* Begin PBXBuildFile section */
		B70A408D1D97077D0076419F /* AppDelegate.swift in Sources */ = {isa = PBXBuildFile; fileRef = B70A408C1D97077D0076419F /* AppDelegate.swift */; };
		B70A408F1D97077D0076419F /* ViewController.swift in Sources */ = {isa = PBXBuildFile; fileRef = B70A408E1D97077D0076419F /* ViewController.swift */; };
		B70A40921D97077D0076419F /* Main.storyboard in Resources */ = {isa = PBXBuildFile; fileRef = B70A40901D97077D0076419F /* Main.storyboard */; };
		B70A40941D97077D0076419F /* Assets.xcassets in Resources */ = {isa = PBXBuildFile; fileRef = B70A40931D97077D0076419F /* Assets.xcassets */; };
		B70A40971D97077D0076419F /* LaunchScreen.storyboard in Resources */ = {isa = PBXBuildFile; fileRef = B70A40951D97077D0076419F /* LaunchScreen.storyboard */; };
		B70A40A21D97077D0076419F /* KeyboardTests.swift in Sources */ = {isa = PBXBuildFile; fileRef = B70A40A11D97077D0076419F /* KeyboardTests.swift */; };
		B70A40AD1D97077D0076419F /* KeyboardUITests.swift in Sources */ = {isa = PBXBuildFile; fileRef = B70A40AC1D97077D0076419F /* KeyboardUITests.swift */; };
/* End PBXBuildFile section */

/* Begin PBXContainerItemProxy section */
		B70A409E1D97077D0076419F /* PBXContainerItemProxy */ = {
			isa = PBXContainerItemProxy;
			containerPortal = B70A40811D97077C0076419F /* Project object */;
			proxyType = 1;
			remoteGlobalIDString = B70A40881D97077C0076419F;
			remoteInfo = Keyboard;
		};
		B70A40A91D97077D0076419F /* PBXContainerItemProxy */ = {
			isa = PBXContainerItemProxy;
			containerPortal = B70A40811D97077C0076419F /* Project object */;
			proxyType = 1;
			remoteGlobalIDString = B70A40881D97077C0076419F;
			remoteInfo = Keyboard;
		};
/* End PBXContainerItemProxy section */

/* Begin PBXFileReference section */
		B70A40891D97077C0076419F /* Keyboard.app */ = {isa = PBXFileReference; explicitFileType = wrapper.application; includeInIndex = 0; path = Keyboard.app; sourceTree = BUILT_PRODUCTS_DIR; };
		B70A408C1D97077D0076419F /* AppDelegate.swift */ = {isa = PBXFileReference; lastKnownFileType = sourcecode.swift; path = AppDelegate.swift; sourceTree = "<group>"; };
		B70A408E1D97077D0076419F /* ViewController.swift */ = {isa = PBXFileReference; lastKnownFileType = sourcecode.swift; path = ViewController.swift; sourceTree = "<group>"; };
		B70A40911D97077D0076419F /* Base */ = {isa = PBXFileReference; lastKnownFileType = file.storyboard; name = Base; path = Base.lproj/Main.storyboard; sourceTree = "<group>"; };
		B70A40931D97077D0076419F /* Assets.xcassets */ = {isa = PBXFileReference; lastKnownFileType = folder.assetcatalog; path = Assets.xcassets; sourceTree = "<group>"; };
		B70A40961D97077D0076419F /* Base */ = {isa = PBXFileReference; lastKnownFileType = file.storyboard; name = Base; path = Base.lproj/LaunchScreen.storyboard; sourceTree = "<group>"; };
		B70A40981D97077D0076419F /* Info.plist */ = {isa = PBXFileReference; lastKnownFileType = text.plist.xml; path = Info.plist; sourceTree = "<group>"; };
		B70A409D1D97077D0076419F /* KeyboardTests.xctest */ = {isa = PBXFileReference; explicitFileType = wrapper.cfbundle; includeInIndex = 0; path = KeyboardTests.xctest; sourceTree = BUILT_PRODUCTS_DIR; };
		B70A40A11D97077D0076419F /* KeyboardTests.swift */ = {isa = PBXFileReference; lastKnownFileType = sourcecode.swift; path = KeyboardTests.swift; sourceTree = "<group>"; };
		B70A40A31D97077D0076419F /* Info.plist */ = {isa = PBXFileReference; lastKnownFileType = text.plist.xml; path = Info.plist; sourceTree = "<group>"; };
		B70A40A81D97077D0076419F /* KeyboardUITests.xctest */ = {isa = PBXFileReference; explicitFileType = wrapper.cfbundle; includeInIndex = 0; path = KeyboardUITests.xctest; sourceTree = BUILT_PRODUCTS_DIR; };
		B70A40AC1D97077D0076419F /* KeyboardUITests.swift */ = {isa = PBXFileReference; lastKnownFileType = sourcecode.swift; path = KeyboardUITests.swift; sourceTree = "<group>"; };
		B70A40AE1D97077D0076419F /* Info.plist */ = {isa = PBXFileReference; lastKnownFileType = text.plist.xml; path = Info.plist; sourceTree = "<group>"; };
/* End PBXFileReference section */

/* Begin PBXFrameworksBuildPhase section */
		B70A40861D97077C0076419F /* Frameworks */ = {
			isa = PBXFrameworksBuildPhase;
			buildActionMask = 2147483647;
			files = (
			);
			runOnlyForDeploymentPostprocessing = 0;
		};
		B70A409A1D97077D0076419F /* Frameworks */ = {
			isa = PBXFrameworksBuildPhase;
			buildActionMask = 2147483647;
			files = (
			);
			runOnlyForDeploymentPostprocessing = 0;
		};
		B70A40A51D97077D0076419F /* Frameworks */ = {
			isa = PBXFrameworksBuildPhase;
			buildActionMask = 2147483647;
			files = (
			);
			runOnlyForDeploymentPostprocessing = 0;
		};
/* End PBXFrameworksBuildPhase section */

/* Begin PBXGroup section */
		B70A40801D97077C0076419F = {
			isa = PBXGroup;
			children = (
				B70A408B1D97077C0076419F /* Keyboard */,
				B70A40A01D97077D0076419F /* KeyboardTests */,
				B70A40AB1D97077D0076419F /* KeyboardUITests */,
				B70A408A1D97077C0076419F /* Products */,
			);
			sourceTree = "<group>";
		};
		B70A408A1D97077C0076419F /* Products */ = {
			isa = PBXGroup;
			children = (
				B70A40891D97077C0076419F /* Keyboard.app */,
				B70A409D1D97077D0076419F /* KeyboardTests.xctest */,
				B70A40A81D97077D0076419F /* KeyboardUITests.xctest */,
			);
			name = Products;
			sourceTree = "<group>";
		};
		B70A408B1D97077C0076419F /* Keyboard */ = {
			isa = PBXGroup;
			children = (
				B70A408C1D97077D0076419F /* AppDelegate.swift */,
				B70A408E1D97077D0076419F /* ViewController.swift */,
				B70A40901D97077D0076419F /* Main.storyboard */,
				B70A40931D97077D0076419F /* Assets.xcassets */,
				B70A40951D97077D0076419F /* LaunchScreen.storyboard */,
				B70A40981D97077D0076419F /* Info.plist */,
			);
			path = Keyboard;
			sourceTree = "<group>";
		};
		B70A40A01D97077D0076419F /* KeyboardTests */ = {
			isa = PBXGroup;
			children = (
				B70A40A11D97077D0076419F /* KeyboardTests.swift */,
				B70A40A31D97077D0076419F /* Info.plist */,
			);
			path = KeyboardTests;
			sourceTree = "<group>";
		};
		B70A40AB1D97077D0076419F /* KeyboardUITests */ = {
			isa = PBXGroup;
			children = (
				B70A40AC1D97077D0076419F /* KeyboardUITests.swift */,
				B70A40AE1D97077D0076419F /* Info.plist */,
			);
			path = KeyboardUITests;
			sourceTree = "<group>";
		};
/* End PBXGroup section */

/* Begin PBXNativeTarget section */
		B70A40881D97077C0076419F /* Keyboard */ = {
			isa = PBXNativeTarget;
			buildConfigurationList = B70A40B11D97077D0076419F /* Build configuration list for PBXNativeTarget "Keyboard" */;
			buildPhases = (
				B70A40851D97077C0076419F /* Sources */,
				B70A40861D97077C0076419F /* Frameworks */,
				B70A40871D97077C0076419F /* Resources */,
			);
			buildRules = (
			);
			dependencies = (
			);
			name = Keyboard;
			productName = Keyboard;
			productReference = B70A40891D97077C0076419F /* Keyboard.app */;
			productType = "com.apple.product-type.application";
		};
		B70A409C1D97077D0076419F /* KeyboardTests */ = {
			isa = PBXNativeTarget;
			buildConfigurationList = B70A40B41D97077D0076419F /* Build configuration list for PBXNativeTarget "KeyboardTests" */;
			buildPhases = (
				B70A40991D97077D0076419F /* Sources */,
				B70A409A1D97077D0076419F /* Frameworks */,
				B70A409B1D97077D0076419F /* Resources */,
			);
			buildRules = (
			);
			dependencies = (
				B70A409F1D97077D0076419F /* PBXTargetDependency */,
			);
			name = KeyboardTests;
			productName = KeyboardTests;
			productReference = B70A409D1D97077D0076419F /* KeyboardTests.xctest */;
			productType = "com.apple.product-type.bundle.unit-test";
		};
		B70A40A71D97077D0076419F /* KeyboardUITests */ = {
			isa = PBXNativeTarget;
			buildConfigurationList = B70A40B71D97077D0076419F /* Build configuration list for PBXNativeTarget "KeyboardUITests" */;
			buildPhases = (
				B70A40A41D97077D0076419F /* Sources */,
				B70A40A51D97077D0076419F /* Frameworks */,
				B70A40A61D97077D0076419F /* Resources */,
			);
			buildRules = (
			);
			dependencies = (
				B70A40AA1D97077D0076419F /* PBXTargetDependency */,
			);
			name = KeyboardUITests;
			productName = KeyboardUITests;
			productReference = B70A40A81D97077D0076419F /* KeyboardUITests.xctest */;
			productType = "com.apple.product-type.bundle.ui-testing";
		};
/* End PBXNativeTarget section */

/* Begin PBXProject section */
		B70A40811D97077C0076419F /* Project object */ = {
			isa = PBXProject;
			attributes = {
				LastSwiftUpdateCheck = 0800;
				LastUpgradeCheck = 0800;
				ORGANIZATIONNAME = "Jesus Fabian";
				TargetAttributes = {
					B70A40881D97077C0076419F = {
						CreatedOnToolsVersion = 8.0;
						DevelopmentTeam = U3465V32BF;
						ProvisioningStyle = Automatic;
					};
					B70A409C1D97077D0076419F = {
						CreatedOnToolsVersion = 8.0;
						DevelopmentTeam = U3465V32BF;
						ProvisioningStyle = Automatic;
						TestTargetID = B70A40881D97077C0076419F;
					};
					B70A40A71D97077D0076419F = {
						CreatedOnToolsVersion = 8.0;
						DevelopmentTeam = U3465V32BF;
						ProvisioningStyle = Automatic;
						TestTargetID = B70A40881D97077C0076419F;
					};
				};
			};
			buildConfigurationList = B70A40841D97077C0076419F /* Build configuration list for PBXProject "Keyboard" */;
			compatibilityVersion = "Xcode 3.2";
			developmentRegion = English;
			hasScannedForEncodings = 0;
			knownRegions = (
				en,
				Base,
			);
			mainGroup = B70A40801D97077C0076419F;
			productRefGroup = B70A408A1D97077C0076419F /* Products */;
			projectDirPath = "";
			projectRoot = "";
			targets = (
				B70A40881D97077C0076419F /* Keyboard */,
				B70A409C1D97077D0076419F /* KeyboardTests */,
				B70A40A71D97077D0076419F /* KeyboardUITests */,
			);
		};
/* End PBXProject section */

/* Begin PBXResourcesBuildPhase section */
		B70A40871D97077C0076419F /* Resources */ = {
			isa = PBXResourcesBuildPhase;
			buildActionMask = 2147483647;
			files = (
				B70A40971D97077D0076419F /* LaunchScreen.storyboard in Resources */,
				B70A40941D97077D0076419F /* Assets.xcassets in Resources */,
				B70A40921D97077D0076419F /* Main.storyboard in Resources */,
			);
			runOnlyForDeploymentPostprocessing = 0;
		};
		B70A409B1D97077D0076419F /* Resources */ = {
			isa = PBXResourcesBuildPhase;
			buildActionMask = 2147483647;
			files = (
			);
			runOnlyForDeploymentPostprocessing = 0;
		};
		B70A40A61D97077D0076419F /* Resources */ = {
			isa = PBXResourcesBuildPhase;
			buildActionMask = 2147483647;
			files = (
			);
			runOnlyForDeploymentPostprocessing = 0;
		};
/* End PBXResourcesBuildPhase section */

/* Begin PBXSourcesBuildPhase section */
		B70A40851D97077C0076419F /* Sources */ = {
			isa = PBXSourcesBuildPhase;
			buildActionMask = 2147483647;
			files = (
				B70A408F1D97077D0076419F /* ViewController.swift in Sources */,
				B70A408D1D97077D0076419F /* AppDelegate.swift in Sources */,
			);
			runOnlyForDeploymentPostprocessing = 0;
		};
		B70A40991D97077D0076419F /* Sources */ = {
			isa = PBXSourcesBuildPhase;
			buildActionMask = 2147483647;
			files = (
				B70A40A21D97077D0076419F /* KeyboardTests.swift in Sources */,
			);
			runOnlyForDeploymentPostprocessing = 0;
		};
		B70A40A41D97077D0076419F /* Sources */ = {
			isa = PBXSourcesBuildPhase;
			buildActionMask = 2147483647;
			files = (
				B70A40AD1D97077D0076419F /* KeyboardUITests.swift in Sources */,
			);
			runOnlyForDeploymentPostprocessing = 0;
		};
/* End PBXSourcesBuildPhase section */

/* Begin PBXTargetDependency section */
		B70A409F1D97077D0076419F /* PBXTargetDependency */ = {
			isa = PBXTargetDependency;
			target = B70A40881D97077C0076419F /* Keyboard */;
			targetProxy = B70A409E1D97077D0076419F /* PBXContainerItemProxy */;
		};
		B70A40AA1D97077D0076419F /* PBXTargetDependency */ = {
			isa = PBXTargetDependency;
			target = B70A40881D97077C0076419F /* Keyboard */;
			targetProxy = B70A40A91D97077D0076419F /* PBXContainerItemProxy */;
		};
/* End PBXTargetDependency section */

/* Begin PBXVariantGroup section */
		B70A40901D97077D0076419F /* Main.storyboard */ = {
			isa = PBXVariantGroup;
			children = (
				B70A40911D97077D0076419F /* Base */,
			);
			name = Main.storyboard;
			sourceTree = "<group>";
		};
		B70A40951D97077D0076419F /* LaunchScreen.storyboard */ = {
			isa = PBXVariantGroup;
			children = (
				B70A40961D97077D0076419F /* Base */,
			);
			name = LaunchScreen.storyboard;
			sourceTree = "<group>";
		};
/* End PBXVariantGroup section */

/* Begin XCBuildConfiguration section */
		B70A40AF1D97077D0076419F /* Debug */ = {
			isa = XCBuildConfiguration;
			buildSettings = {
				ALWAYS_SEARCH_USER_PATHS = NO;
				CLANG_ANALYZER_NONNULL = YES;
				CLANG_CXX_LANGUAGE_STANDARD = "gnu++0x";
				CLANG_CXX_LIBRARY = "libc++";
				CLANG_ENABLE_MODULES = YES;
				CLANG_ENABLE_OBJC_ARC = YES;
				CLANG_WARN_BOOL_CONVERSION = YES;
				CLANG_WARN_CONSTANT_CONVERSION = YES;
				CLANG_WARN_DIRECT_OBJC_ISA_USAGE = YES_ERROR;
				CLANG_WARN_DOCUMENTATION_COMMENTS = YES;
				CLANG_WARN_EMPTY_BODY = YES;
				CLANG_WARN_ENUM_CONVERSION = YES;
				CLANG_WARN_INFINITE_RECURSION = YES;
				CLANG_WARN_INT_CONVERSION = YES;
				CLANG_WARN_OBJC_ROOT_CLASS = YES_ERROR;
				CLANG_WARN_SUSPICIOUS_MOVES = YES;
				CLANG_WARN_UNREACHABLE_CODE = YES;
				CLANG_WARN__DUPLICATE_METHOD_MATCH = YES;
				"CODE_SIGN_IDENTITY[sdk=iphoneos*]" = "iPhone Developer";
				COPY_PHASE_STRIP = NO;
				DEBUG_INFORMATION_FORMAT = dwarf;
				ENABLE_STRICT_OBJC_MSGSEND = YES;
				ENABLE_TESTABILITY = YES;
				GCC_C_LANGUAGE_STANDARD = gnu99;
				GCC_DYNAMIC_NO_PIC = NO;
				GCC_NO_COMMON_BLOCKS = YES;
				GCC_OPTIMIZATION_LEVEL = 0;
				GCC_PREPROCESSOR_DEFINITIONS = (
					"DEBUG=1",
					"$(inherited)",
				);
				GCC_WARN_64_TO_32_BIT_CONVERSION = YES;
				GCC_WARN_ABOUT_RETURN_TYPE = YES_ERROR;
				GCC_WARN_UNDECLARED_SELECTOR = YES;
				GCC_WARN_UNINITIALIZED_AUTOS = YES_AGGRESSIVE;
				GCC_WARN_UNUSED_FUNCTION = YES;
				GCC_WARN_UNUSED_VARIABLE = YES;
				IPHONEOS_DEPLOYMENT_TARGET = 10.0;
				MTL_ENABLE_DEBUG_INFO = YES;
				ONLY_ACTIVE_ARCH = YES;
				SDKROOT = iphoneos;
				SWIFT_ACTIVE_COMPILATION_CONDITIONS = DEBUG;
				SWIFT_OPTIMIZATION_LEVEL = "-Onone";
			};
			name = Debug;
		};
		B70A40B01D97077D0076419F /* Release */ = {
			isa = XCBuildConfiguration;
			buildSettings = {
				ALWAYS_SEARCH_USER_PATHS = NO;
				CLANG_ANALYZER_NONNULL = YES;
				CLANG_CXX_LANGUAGE_STANDARD = "gnu++0x";
				CLANG_CXX_LIBRARY = "libc++";
				CLANG_ENABLE_MODULES = YES;
				CLANG_ENABLE_OBJC_ARC = YES;
				CLANG_WARN_BOOL_CONVERSION = YES;
				CLANG_WARN_CONSTANT_CONVERSION = YES;
				CLANG_WARN_DIRECT_OBJC_ISA_USAGE = YES_ERROR;
				CLANG_WARN_DOCUMENTATION_COMMENTS = YES;
				CLANG_WARN_EMPTY_BODY = YES;
				CLANG_WARN_ENUM_CONVERSION = YES;
				CLANG_WARN_INFINITE_RECURSION = YES;
				CLANG_WARN_INT_CONVERSION = YES;
				CLANG_WARN_OBJC_ROOT_CLASS = YES_ERROR;
				CLANG_WARN_SUSPICIOUS_MOVES = YES;
				CLANG_WARN_UNREACHABLE_CODE = YES;
				CLANG_WARN__DUPLICATE_METHOD_MATCH = YES;
				"CODE_SIGN_IDENTITY[sdk=iphoneos*]" = "iPhone Developer";
				COPY_PHASE_STRIP = NO;
				DEBUG_INFORMATION_FORMAT = "dwarf-with-dsym";
				ENABLE_NS_ASSERTIONS = NO;
				ENABLE_STRICT_OBJC_MSGSEND = YES;
				GCC_C_LANGUAGE_STANDARD = gnu99;
				GCC_NO_COMMON_BLOCKS = YES;
				GCC_WARN_64_TO_32_BIT_CONVERSION = YES;
				GCC_WARN_ABOUT_RETURN_TYPE = YES_ERROR;
				GCC_WARN_UNDECLARED_SELECTOR = YES;
				GCC_WARN_UNINITIALIZED_AUTOS = YES_AGGRESSIVE;
				GCC_WARN_UNUSED_FUNCTION = YES;
				GCC_WARN_UNUSED_VARIABLE = YES;
				IPHONEOS_DEPLOYMENT_TARGET = 10.0;
				MTL_ENABLE_DEBUG_INFO = NO;
				SDKROOT = iphoneos;
				SWIFT_OPTIMIZATION_LEVEL = "-Owholemodule";
				VALIDATE_PRODUCT = YES;
			};
			name = Release;
		};
		B70A40B21D97077D0076419F /* Debug */ = {
			isa = XCBuildConfiguration;
			buildSettings = {
				ASSETCATALOG_COMPILER_APPICON_NAME = AppIcon;
				DEVELOPMENT_TEAM = U3465V32BF;
				INFOPLIST_FILE = Keyboard/Info.plist;
				LD_RUNPATH_SEARCH_PATHS = "$(inherited) @executable_path/Frameworks";
				PRODUCT_BUNDLE_IDENTIFIER = com.jesusfabian.Keyboard;
				PRODUCT_NAME = "$(TARGET_NAME)";
				SWIFT_VERSION = 3.0;
			};
			name = Debug;
		};
		B70A40B31D97077D0076419F /* Release */ = {
			isa = XCBuildConfiguration;
			buildSettings = {
				ASSETCATALOG_COMPILER_APPICON_NAME = AppIcon;
				DEVELOPMENT_TEAM = U3465V32BF;
				INFOPLIST_FILE = Keyboard/Info.plist;
				LD_RUNPATH_SEARCH_PATHS = "$(inherited) @executable_path/Frameworks";
				PRODUCT_BUNDLE_IDENTIFIER = com.jesusfabian.Keyboard;
				PRODUCT_NAME = "$(TARGET_NAME)";
				SWIFT_VERSION = 3.0;
			};
			name = Release;
		};
		B70A40B51D97077D0076419F /* Debug */ = {
			isa = XCBuildConfiguration;
			buildSettings = {
				ALWAYS_EMBED_SWIFT_STANDARD_LIBRARIES = YES;
				BUNDLE_LOADER = "$(TEST_HOST)";
				DEVELOPMENT_TEAM = U3465V32BF;
				INFOPLIST_FILE = KeyboardTests/Info.plist;
				LD_RUNPATH_SEARCH_PATHS = "$(inherited) @executable_path/Frameworks @loader_path/Frameworks";
				PRODUCT_BUNDLE_IDENTIFIER = com.jesusfabian.KeyboardTests;
				PRODUCT_NAME = "$(TARGET_NAME)";
				SWIFT_VERSION = 3.0;
				TEST_HOST = "$(BUILT_PRODUCTS_DIR)/Keyboard.app/Keyboard";
			};
			name = Debug;
		};
		B70A40B61D97077D0076419F /* Release */ = {
			isa = XCBuildConfiguration;
			buildSettings = {
				ALWAYS_EMBED_SWIFT_STANDARD_LIBRARIES = YES;
				BUNDLE_LOADER = "$(TEST_HOST)";
				DEVELOPMENT_TEAM = U3465V32BF;
				INFOPLIST_FILE = KeyboardTests/Info.plist;
				LD_RUNPATH_SEARCH_PATHS = "$(inherited) @executable_path/Frameworks @loader_path/Frameworks";
				PRODUCT_BUNDLE_IDENTIFIER = com.jesusfabian.KeyboardTests;
				PRODUCT_NAME = "$(TARGET_NAME)";
				SWIFT_VERSION = 3.0;
				TEST_HOST = "$(BUILT_PRODUCTS_DIR)/Keyboard.app/Keyboard";
			};
			name = Release;
		};
		B70A40B81D97077D0076419F /* Debug */ = {
			isa = XCBuildConfiguration;
			buildSettings = {
				ALWAYS_EMBED_SWIFT_STANDARD_LIBRARIES = YES;
				DEVELOPMENT_TEAM = U3465V32BF;
				INFOPLIST_FILE = KeyboardUITests/Info.plist;
				LD_RUNPATH_SEARCH_PATHS = "$(inherited) @executable_path/Frameworks @loader_path/Frameworks";
				PRODUCT_BUNDLE_IDENTIFIER = com.jesusfabian.KeyboardUITests;
				PRODUCT_NAME = "$(TARGET_NAME)";
				SWIFT_VERSION = 3.0;
				TEST_TARGET_NAME = Keyboard;
			};
			name = Debug;
		};
		B70A40B91D97077D0076419F /* Release */ = {
			isa = XCBuildConfiguration;
			buildSettings = {
				ALWAYS_EMBED_SWIFT_STANDARD_LIBRARIES = YES;
				DEVELOPMENT_TEAM = U3465V32BF;
				INFOPLIST_FILE = KeyboardUITests/Info.plist;
				LD_RUNPATH_SEARCH_PATHS = "$(inherited) @executable_path/Frameworks @loader_path/Frameworks";
				PRODUCT_BUNDLE_IDENTIFIER = com.jesusfabian.KeyboardUITests;
				PRODUCT_NAME = "$(TARGET_NAME)";
				SWIFT_VERSION = 3.0;
				TEST_TARGET_NAME = Keyboard;
			};
			name = Release;
		};
/* End XCBuildConfiguration section */

/* Begin XCConfigurationList section */
		B70A40841D97077C0076419F /* Build configuration list for PBXProject "Keyboard" */ = {
			isa = XCConfigurationList;
			buildConfigurations = (
				B70A40AF1D97077D0076419F /* Debug */,
				B70A40B01D97077D0076419F /* Release */,
			);
			defaultConfigurationIsVisible = 0;
			defaultConfigurationName = Release;
		};
		B70A40B11D97077D0076419F /* Build configuration list for PBXNativeTarget "Keyboard" */ = {
			isa = XCConfigurationList;
			buildConfigurations = (
				B70A40B21D97077D0076419F /* Debug */,
				B70A40B31D97077D0076419F /* Release */,
			);
			defaultConfigurationIsVisible = 0;
		};
		B70A40B41D97077D0076419F /* Build configuration list for PBXNativeTarget "KeyboardTests" */ = {
			isa = XCConfigurationList;
			buildConfigurations = (
				B70A40B51D97077D0076419F /* Debug */,
				B70A40B61D97077D0076419F /* Release */,
			);
			defaultConfigurationIsVisible = 0;
		};
		B70A40B71D97077D0076419F /* Build configuration list for PBXNativeTarget "KeyboardUITests" */ = {
			isa = XCConfigurationList;
			buildConfigurations = (
				B70A40B81D97077D0076419F /* Debug */,
				B70A40B91D97077D0076419F /* Release */,
			);
			defaultConfigurationIsVisible = 0;
		};
/* End XCConfigurationList section */
	};
	rootObject = B70A40811D97077C0076419F /* Project object */;
}
